// !$*UTF8*$!
{
	archiveVersion = 1;
	classes = {
	};
	objectVersion = 70;
	objects = {

/* Begin PBXBuildFile section */
		D81D109A2CDC29E400CDF1D2 /* BreadcrumbView.swift in Sources */ = {isa = PBXBuildFile; fileRef = D81D10992CDC29E400CDF1D2 /* BreadcrumbView.swift */; };
		D81D109C2CDC2F8000CDF1D2 /* HeaderView.swift in Sources */ = {isa = PBXBuildFile; fileRef = D81D109B2CDC2F8000CDF1D2 /* HeaderView.swift */; };
		D81D109E2CDC3C5F00CDF1D2 /* ServiceCategorySection.swift.swift in Sources */ = {isa = PBXBuildFile; fileRef = D81D109D2CDC3C5D00CDF1D2 /* ServiceCategorySection.swift.swift */; };
		D841DC1D2CDAC0D30048A55E /* NotificationsView.swift in Sources */ = {isa = PBXBuildFile; fileRef = D841DC1C2CDAC0D30048A55E /* NotificationsView.swift */; };
		D841DC362CDAE2330048A55E /* FieldsetView.swift in Sources */ = {isa = PBXBuildFile; fileRef = D841DC352CDAE2330048A55E /* FieldsetView.swift */; };
		D841DC382CDAE3880048A55E /* BoxView.swift in Sources */ = {isa = PBXBuildFile; fileRef = D841DC372CDAE3880048A55E /* BoxView.swift */; };
		D8A329922C939B3C0034D572 /* AcolheFortaleza_SwiftUIApp.swift in Sources */ = {isa = PBXBuildFile; fileRef = D8A329912C939B3C0034D572 /* AcolheFortaleza_SwiftUIApp.swift */; };
		D8A329962C939B3C0034D572 /* Assets.xcassets in Resources */ = {isa = PBXBuildFile; fileRef = D8A329952C939B3C0034D572 /* Assets.xcassets */; };
		D8A329992C939B3C0034D572 /* Preview Assets.xcassets in Resources */ = {isa = PBXBuildFile; fileRef = D8A329982C939B3C0034D572 /* Preview Assets.xcassets */; };
		D8B22A0E2CD0423900CF54D7 /* Navbar.swift in Sources */ = {isa = PBXBuildFile; fileRef = D8B22A0D2CD0423900CF54D7 /* Navbar.swift */; };
/* End PBXBuildFile section */

/* Begin PBXFileReference section */
		D81D10992CDC29E400CDF1D2 /* BreadcrumbView.swift */ = {isa = PBXFileReference; lastKnownFileType = sourcecode.swift; path = BreadcrumbView.swift; sourceTree = "<group>"; };
		D81D109B2CDC2F8000CDF1D2 /* HeaderView.swift */ = {isa = PBXFileReference; lastKnownFileType = sourcecode.swift; path = HeaderView.swift; sourceTree = "<group>"; };
		D81D109D2CDC3C5D00CDF1D2 /* ServiceCategorySection.swift.swift */ = {isa = PBXFileReference; lastKnownFileType = sourcecode.swift; path = ServiceCategorySection.swift.swift; sourceTree = "<group>"; };
		D841DC1C2CDAC0D30048A55E /* NotificationsView.swift */ = {isa = PBXFileReference; lastKnownFileType = sourcecode.swift; path = NotificationsView.swift; sourceTree = "<group>"; };
		D841DC352CDAE2330048A55E /* FieldsetView.swift */ = {isa = PBXFileReference; lastKnownFileType = sourcecode.swift; path = FieldsetView.swift; sourceTree = "<group>"; };
		D841DC372CDAE3880048A55E /* BoxView.swift */ = {isa = PBXFileReference; lastKnownFileType = sourcecode.swift; path = BoxView.swift; sourceTree = "<group>"; };
		D8A3298E2C939B3C0034D572 /* AcolheFortaleza_SwiftUI.app */ = {isa = PBXFileReference; explicitFileType = wrapper.application; includeInIndex = 0; path = AcolheFortaleza_SwiftUI.app; sourceTree = BUILT_PRODUCTS_DIR; };
		D8A329912C939B3C0034D572 /* AcolheFortaleza_SwiftUIApp.swift */ = {isa = PBXFileReference; lastKnownFileType = sourcecode.swift; path = AcolheFortaleza_SwiftUIApp.swift; sourceTree = "<group>"; };
		D8A329952C939B3C0034D572 /* Assets.xcassets */ = {isa = PBXFileReference; lastKnownFileType = folder.assetcatalog; path = Assets.xcassets; sourceTree = "<group>"; };
		D8A329982C939B3C0034D572 /* Preview Assets.xcassets */ = {isa = PBXFileReference; lastKnownFileType = folder.assetcatalog; path = "Preview Assets.xcassets"; sourceTree = "<group>"; };
		D8B22A0D2CD0423900CF54D7 /* Navbar.swift */ = {isa = PBXFileReference; lastKnownFileType = sourcecode.swift; path = Navbar.swift; sourceTree = "<group>"; };
/* End PBXFileReference section */

/* Begin PBXFileSystemSynchronizedRootGroup section */
		D841DC2A2CDACB710048A55E /* Settings */ = {isa = PBXFileSystemSynchronizedRootGroup; explicitFileTypes = {}; explicitFolders = (); path = Settings; sourceTree = "<group>"; };
		D841DC2B2CDACB8B0048A55E /* Home */ = {isa = PBXFileSystemSynchronizedRootGroup; explicitFileTypes = {}; explicitFolders = (); path = Home; sourceTree = "<group>"; };
		D841DC2E2CDACC6F0048A55E /* Main */ = {isa = PBXFileSystemSynchronizedRootGroup; explicitFileTypes = {}; explicitFolders = (); path = Main; sourceTree = "<group>"; };
/* End PBXFileSystemSynchronizedRootGroup section */

/* Begin PBXFrameworksBuildPhase section */
		D8A3298B2C939B3C0034D572 /* Frameworks */ = {
			isa = PBXFrameworksBuildPhase;
			buildActionMask = 2147483647;
			files = (
			);
			runOnlyForDeploymentPostprocessing = 0;
		};
/* End PBXFrameworksBuildPhase section */

/* Begin PBXGroup section */
		D8A329852C939B3C0034D572 = {
			isa = PBXGroup;
			children = (
				D8A329902C939B3C0034D572 /* AcolheFortaleza_SwiftUI */,
				D8A3298F2C939B3C0034D572 /* Products */,
			);
			sourceTree = "<group>";
		};
		D8A3298F2C939B3C0034D572 /* Products */ = {
			isa = PBXGroup;
			children = (
				D8A3298E2C939B3C0034D572 /* AcolheFortaleza_SwiftUI.app */,
			);
			name = Products;
			sourceTree = "<group>";
		};
		D8A329902C939B3C0034D572 /* AcolheFortaleza_SwiftUI */ = {
			isa = PBXGroup;
			children = (
				D8B22A0C2CD0421700CF54D7 /* components */,
				D8A329912C939B3C0034D572 /* AcolheFortaleza_SwiftUIApp.swift */,
				D841DC1C2CDAC0D30048A55E /* NotificationsView.swift */,
				D841DC2B2CDACB8B0048A55E /* Home */,
				D841DC2A2CDACB710048A55E /* Settings */,
				D841DC2E2CDACC6F0048A55E /* Main */,
				D8A329952C939B3C0034D572 /* Assets.xcassets */,
				D8A329972C939B3C0034D572 /* Preview Content */,
			);
			path = AcolheFortaleza_SwiftUI;
			sourceTree = "<group>";
		};
		D8A329972C939B3C0034D572 /* Preview Content */ = {
			isa = PBXGroup;
			children = (
				D8A329982C939B3C0034D572 /* Preview Assets.xcassets */,
			);
			path = "Preview Content";
			sourceTree = "<group>";
		};
		D8B22A0C2CD0421700CF54D7 /* components */ = {
			isa = PBXGroup;
			children = (
				D81D109D2CDC3C5D00CDF1D2 /* ServiceCategorySection.swift.swift */,
				D8B22A0D2CD0423900CF54D7 /* Navbar.swift */,
				D81D109B2CDC2F8000CDF1D2 /* HeaderView.swift */,
				D841DC352CDAE2330048A55E /* FieldsetView.swift */,
				D81D10992CDC29E400CDF1D2 /* BreadcrumbView.swift */,
				D841DC372CDAE3880048A55E /* BoxView.swift */,
			);
			path = components;
			sourceTree = "<group>";
		};
/* End PBXGroup section */

/* Begin PBXNativeTarget section */
		D8A3298D2C939B3C0034D572 /* AcolheFortaleza_SwiftUI */ = {
			isa = PBXNativeTarget;
			buildConfigurationList = D8A3299C2C939B3C0034D572 /* Build configuration list for PBXNativeTarget "AcolheFortaleza_SwiftUI" */;
			buildPhases = (
				D8A3298A2C939B3C0034D572 /* Sources */,
				D8A3298B2C939B3C0034D572 /* Frameworks */,
				D8A3298C2C939B3C0034D572 /* Resources */,
			);
			buildRules = (
			);
			dependencies = (
			);
			fileSystemSynchronizedGroups = (
				D841DC2A2CDACB710048A55E /* Settings */,
				D841DC2B2CDACB8B0048A55E /* Home */,
				D841DC2E2CDACC6F0048A55E /* Main */,
			);
			name = AcolheFortaleza_SwiftUI;
			productName = AcolheFortaleza_SwiftUI;
			productReference = D8A3298E2C939B3C0034D572 /* AcolheFortaleza_SwiftUI.app */;
			productType = "com.apple.product-type.application";
		};
/* End PBXNativeTarget section */

/* Begin PBXProject section */
		D8A329862C939B3C0034D572 /* Project object */ = {
			isa = PBXProject;
			attributes = {
				BuildIndependentTargetsInParallel = 1;
				LastSwiftUpdateCheck = 1540;
				LastUpgradeCheck = 1540;
				TargetAttributes = {
					D8A3298D2C939B3C0034D572 = {
						CreatedOnToolsVersion = 15.4;
					};
				};
			};
			buildConfigurationList = D8A329892C939B3C0034D572 /* Build configuration list for PBXProject "AcolheFortaleza_SwiftUI" */;
			compatibilityVersion = "Xcode 14.0";
			developmentRegion = en;
			hasScannedForEncodings = 0;
			knownRegions = (
				en,
				Base,
			);
			mainGroup = D8A329852C939B3C0034D572;
			productRefGroup = D8A3298F2C939B3C0034D572 /* Products */;
			projectDirPath = "";
			projectRoot = "";
			targets = (
				D8A3298D2C939B3C0034D572 /* AcolheFortaleza_SwiftUI */,
			);
		};
/* End PBXProject section */

/* Begin PBXResourcesBuildPhase section */
		D8A3298C2C939B3C0034D572 /* Resources */ = {
			isa = PBXResourcesBuildPhase;
			buildActionMask = 2147483647;
			files = (
				D8A329992C939B3C0034D572 /* Preview Assets.xcassets in Resources */,
				D8A329962C939B3C0034D572 /* Assets.xcassets in Resources */,
			);
			runOnlyForDeploymentPostprocessing = 0;
		};
/* End PBXResourcesBuildPhase section */

/* Begin PBXSourcesBuildPhase section */
		D8A3298A2C939B3C0034D572 /* Sources */ = {
			isa = PBXSourcesBuildPhase;
			buildActionMask = 2147483647;
			files = (
				D81D109E2CDC3C5F00CDF1D2 /* ServiceCategorySection.swift.swift in Sources */,
				D81D109A2CDC29E400CDF1D2 /* BreadcrumbView.swift in Sources */,
				D81D109C2CDC2F8000CDF1D2 /* HeaderView.swift in Sources */,
				D8B22A0E2CD0423900CF54D7 /* Navbar.swift in Sources */,
				D8A329922C939B3C0034D572 /* AcolheFortaleza_SwiftUIApp.swift in Sources */,
				D841DC1D2CDAC0D30048A55E /* NotificationsView.swift in Sources */,
				D841DC362CDAE2330048A55E /* FieldsetView.swift in Sources */,
				D841DC382CDAE3880048A55E /* BoxView.swift in Sources */,
			);
			runOnlyForDeploymentPostprocessing = 0;
		};
/* End PBXSourcesBuildPhase section */

/* Begin XCBuildConfiguration section */
		D8A3299A2C939B3C0034D572 /* Debug */ = {
			isa = XCBuildConfiguration;
			buildSettings = {
				ALWAYS_SEARCH_USER_PATHS = NO;
				ASSETCATALOG_COMPILER_GENERATE_SWIFT_ASSET_SYMBOL_EXTENSIONS = YES;
				CLANG_ANALYZER_NONNULL = YES;
				CLANG_ANALYZER_NUMBER_OBJECT_CONVERSION = YES_AGGRESSIVE;
				CLANG_CXX_LANGUAGE_STANDARD = "gnu++20";
				CLANG_ENABLE_MODULES = YES;
				CLANG_ENABLE_OBJC_ARC = YES;
				CLANG_ENABLE_OBJC_WEAK = YES;
				CLANG_WARN_BLOCK_CAPTURE_AUTORELEASING = YES;
				CLANG_WARN_BOOL_CONVERSION = YES;
				CLANG_WARN_COMMA = YES;
				CLANG_WARN_CONSTANT_CONVERSION = YES;
				CLANG_WARN_DEPRECATED_OBJC_IMPLEMENTATIONS = YES;
				CLANG_WARN_DIRECT_OBJC_ISA_USAGE = YES_ERROR;
				CLANG_WARN_DOCUMENTATION_COMMENTS = YES;
				CLANG_WARN_EMPTY_BODY = YES;
				CLANG_WARN_ENUM_CONVERSION = YES;
				CLANG_WARN_INFINITE_RECURSION = YES;
				CLANG_WARN_INT_CONVERSION = YES;
				CLANG_WARN_NON_LITERAL_NULL_CONVERSION = YES;
				CLANG_WARN_OBJC_IMPLICIT_RETAIN_SELF = YES;
				CLANG_WARN_OBJC_LITERAL_CONVERSION = YES;
				CLANG_WARN_OBJC_ROOT_CLASS = YES_ERROR;
				CLANG_WARN_QUOTED_INCLUDE_IN_FRAMEWORK_HEADER = YES;
				CLANG_WARN_RANGE_LOOP_ANALYSIS = YES;
				CLANG_WARN_STRICT_PROTOTYPES = YES;
				CLANG_WARN_SUSPICIOUS_MOVE = YES;
				CLANG_WARN_UNGUARDED_AVAILABILITY = YES_AGGRESSIVE;
				CLANG_WARN_UNREACHABLE_CODE = YES;
				CLANG_WARN__DUPLICATE_METHOD_MATCH = YES;
				COPY_PHASE_STRIP = NO;
				DEBUG_INFORMATION_FORMAT = dwarf;
				ENABLE_STRICT_OBJC_MSGSEND = YES;
				ENABLE_TESTABILITY = YES;
				ENABLE_USER_SCRIPT_SANDBOXING = YES;
				GCC_C_LANGUAGE_STANDARD = gnu17;
				GCC_DYNAMIC_NO_PIC = NO;
				GCC_NO_COMMON_BLOCKS = YES;
				GCC_OPTIMIZATION_LEVEL = 0;
				GCC_PREPROCESSOR_DEFINITIONS = (
					"DEBUG=1",
					"$(inherited)",
				);
				GCC_WARN_64_TO_32_BIT_CONVERSION = YES;
				GCC_WARN_ABOUT_RETURN_TYPE = YES_ERROR;
				GCC_WARN_UNDECLARED_SELECTOR = YES;
				GCC_WARN_UNINITIALIZED_AUTOS = YES_AGGRESSIVE;
				GCC_WARN_UNUSED_FUNCTION = YES;
				GCC_WARN_UNUSED_VARIABLE = YES;
				IPHONEOS_DEPLOYMENT_TARGET = 17.5;
				LOCALIZATION_PREFERS_STRING_CATALOGS = YES;
				MTL_ENABLE_DEBUG_INFO = INCLUDE_SOURCE;
				MTL_FAST_MATH = YES;
				ONLY_ACTIVE_ARCH = YES;
				SDKROOT = iphoneos;
				SWIFT_ACTIVE_COMPILATION_CONDITIONS = "DEBUG $(inherited)";
				SWIFT_OPTIMIZATION_LEVEL = "-Onone";
			};
			name = Debug;
		};
		D8A3299B2C939B3C0034D572 /* Release */ = {
			isa = XCBuildConfiguration;
			buildSettings = {
				ALWAYS_SEARCH_USER_PATHS = NO;
				ASSETCATALOG_COMPILER_GENERATE_SWIFT_ASSET_SYMBOL_EXTENSIONS = YES;
				CLANG_ANALYZER_NONNULL = YES;
				CLANG_ANALYZER_NUMBER_OBJECT_CONVERSION = YES_AGGRESSIVE;
				CLANG_CXX_LANGUAGE_STANDARD = "gnu++20";
				CLANG_ENABLE_MODULES = YES;
				CLANG_ENABLE_OBJC_ARC = YES;
				CLANG_ENABLE_OBJC_WEAK = YES;
				CLANG_WARN_BLOCK_CAPTURE_AUTORELEASING = YES;
				CLANG_WARN_BOOL_CONVERSION = YES;
				CLANG_WARN_COMMA = YES;
				CLANG_WARN_CONSTANT_CONVERSION = YES;
				CLANG_WARN_DEPRECATED_OBJC_IMPLEMENTATIONS = YES;
				CLANG_WARN_DIRECT_OBJC_ISA_USAGE = YES_ERROR;
				CLANG_WARN_DOCUMENTATION_COMMENTS = YES;
				CLANG_WARN_EMPTY_BODY = YES;
				CLANG_WARN_ENUM_CONVERSION = YES;
				CLANG_WARN_INFINITE_RECURSION = YES;
				CLANG_WARN_INT_CONVERSION = YES;
				CLANG_WARN_NON_LITERAL_NULL_CONVERSION = YES;
				CLANG_WARN_OBJC_IMPLICIT_RETAIN_SELF = YES;
				CLANG_WARN_OBJC_LITERAL_CONVERSION = YES;
				CLANG_WARN_OBJC_ROOT_CLASS = YES_ERROR;
				CLANG_WARN_QUOTED_INCLUDE_IN_FRAMEWORK_HEADER = YES;
				CLANG_WARN_RANGE_LOOP_ANALYSIS = YES;
				CLANG_WARN_STRICT_PROTOTYPES = YES;
				CLANG_WARN_SUSPICIOUS_MOVE = YES;
				CLANG_WARN_UNGUARDED_AVAILABILITY = YES_AGGRESSIVE;
				CLANG_WARN_UNREACHABLE_CODE = YES;
				CLANG_WARN__DUPLICATE_METHOD_MATCH = YES;
				COPY_PHASE_STRIP = NO;
				DEBUG_INFORMATION_FORMAT = "dwarf-with-dsym";
				ENABLE_NS_ASSERTIONS = NO;
				ENABLE_STRICT_OBJC_MSGSEND = YES;
				ENABLE_USER_SCRIPT_SANDBOXING = YES;
				GCC_C_LANGUAGE_STANDARD = gnu17;
				GCC_NO_COMMON_BLOCKS = YES;
				GCC_WARN_64_TO_32_BIT_CONVERSION = YES;
				GCC_WARN_ABOUT_RETURN_TYPE = YES_ERROR;
				GCC_WARN_UNDECLARED_SELECTOR = YES;
				GCC_WARN_UNINITIALIZED_AUTOS = YES_AGGRESSIVE;
				GCC_WARN_UNUSED_FUNCTION = YES;
				GCC_WARN_UNUSED_VARIABLE = YES;
				IPHONEOS_DEPLOYMENT_TARGET = 17.5;
				LOCALIZATION_PREFERS_STRING_CATALOGS = YES;
				MTL_ENABLE_DEBUG_INFO = NO;
				MTL_FAST_MATH = YES;
				SDKROOT = iphoneos;
				SWIFT_COMPILATION_MODE = wholemodule;
				VALIDATE_PRODUCT = YES;
			};
			name = Release;
		};
		D8A3299D2C939B3C0034D572 /* Debug */ = {
			isa = XCBuildConfiguration;
			buildSettings = {
				ASSETCATALOG_COMPILER_APPICON_NAME = AppIcon;
				ASSETCATALOG_COMPILER_GLOBAL_ACCENT_COLOR_NAME = AccentColor;
				CODE_SIGN_STYLE = Automatic;
				CURRENT_PROJECT_VERSION = 1;
				DEVELOPMENT_ASSET_PATHS = "\"AcolheFortaleza_SwiftUI/Preview Content\"";
				ENABLE_PREVIEWS = YES;
				GENERATE_INFOPLIST_FILE = YES;
				INFOPLIST_KEY_UIApplicationSceneManifest_Generation = YES;
				INFOPLIST_KEY_UIApplicationSupportsIndirectInputEvents = YES;
				INFOPLIST_KEY_UILaunchScreen_Generation = YES;
				INFOPLIST_KEY_UISupportedInterfaceOrientations_iPad = "UIInterfaceOrientationPortrait UIInterfaceOrientationPortraitUpsideDown UIInterfaceOrientationLandscapeLeft UIInterfaceOrientationLandscapeRight";
				INFOPLIST_KEY_UISupportedInterfaceOrientations_iPhone = "UIInterfaceOrientationPortrait UIInterfaceOrientationLandscapeLeft UIInterfaceOrientationLandscapeRight";
				LD_RUNPATH_SEARCH_PATHS = (
					"$(inherited)",
					"@executable_path/Frameworks",
				);
				MARKETING_VERSION = 1.0;
				PRODUCT_BUNDLE_IDENTIFIER = "hello-world.AcolheFortaleza-SwiftUI";
				PRODUCT_NAME = "$(TARGET_NAME)";
				SWIFT_EMIT_LOC_STRINGS = YES;
				SWIFT_VERSION = 5.0;
				TARGETED_DEVICE_FAMILY = "1,2";
			};
			name = Debug;
		};
		D8A3299E2C939B3C0034D572 /* Release */ = {
			isa = XCBuildConfiguration;
			buildSettings = {
				ASSETCATALOG_COMPILER_APPICON_NAME = AppIcon;
				ASSETCATALOG_COMPILER_GLOBAL_ACCENT_COLOR_NAME = AccentColor;
				CODE_SIGN_STYLE = Automatic;
				CURRENT_PROJECT_VERSION = 1;
				DEVELOPMENT_ASSET_PATHS = "\"AcolheFortaleza_SwiftUI/Preview Content\"";
				ENABLE_PREVIEWS = YES;
				GENERATE_INFOPLIST_FILE = YES;
				INFOPLIST_KEY_UIApplicationSceneManifest_Generation = YES;
				INFOPLIST_KEY_UIApplicationSupportsIndirectInputEvents = YES;
				INFOPLIST_KEY_UILaunchScreen_Generation = YES;
				INFOPLIST_KEY_UISupportedInterfaceOrientations_iPad = "UIInterfaceOrientationPortrait UIInterfaceOrientationPortraitUpsideDown UIInterfaceOrientationLandscapeLeft UIInterfaceOrientationLandscapeRight";
				INFOPLIST_KEY_UISupportedInterfaceOrientations_iPhone = "UIInterfaceOrientationPortrait UIInterfaceOrientationLandscapeLeft UIInterfaceOrientationLandscapeRight";
				LD_RUNPATH_SEARCH_PATHS = (
					"$(inherited)",
					"@executable_path/Frameworks",
				);
				MARKETING_VERSION = 1.0;
				PRODUCT_BUNDLE_IDENTIFIER = "hello-world.AcolheFortaleza-SwiftUI";
				PRODUCT_NAME = "$(TARGET_NAME)";
				SWIFT_EMIT_LOC_STRINGS = YES;
				SWIFT_VERSION = 5.0;
				TARGETED_DEVICE_FAMILY = "1,2";
			};
			name = Release;
		};
/* End XCBuildConfiguration section */

/* Begin XCConfigurationList section */
		D8A329892C939B3C0034D572 /* Build configuration list for PBXProject "AcolheFortaleza_SwiftUI" */ = {
			isa = XCConfigurationList;
			buildConfigurations = (
				D8A3299A2C939B3C0034D572 /* Debug */,
				D8A3299B2C939B3C0034D572 /* Release */,
			);
			defaultConfigurationIsVisible = 0;
			defaultConfigurationName = Release;
		};
		D8A3299C2C939B3C0034D572 /* Build configuration list for PBXNativeTarget "AcolheFortaleza_SwiftUI" */ = {
			isa = XCConfigurationList;
			buildConfigurations = (
				D8A3299D2C939B3C0034D572 /* Debug */,
				D8A3299E2C939B3C0034D572 /* Release */,
			);
			defaultConfigurationIsVisible = 0;
			defaultConfigurationName = Release;
		};
/* End XCConfigurationList section */
	};
	rootObject = D8A329862C939B3C0034D572 /* Project object */;
}
